
Microsoft Visual Studio Solution File, Format Version 12.00
# Visual Studio Version 17
VisualStudioVersion = 17.6.33815.320
MinimumVisualStudioVersion = 10.0.40219.1
Project("{2150E333-8FDC-42A3-9474-1A3956D46DE8}") = "src", "src", "{9F646FF7-A424-4DF5-81AA-7D4C1D2062E7}"
EndProject
Project("{2150E333-8FDC-42A3-9474-1A3956D46DE8}") = "Core", "Core", "{DA192541-9573-474C-90AD-17F8F0531BD9}"
EndProject
Project("{2150E333-8FDC-42A3-9474-1A3956D46DE8}") = "Infraestructure", "Infraestructure", "{8D85B5A2-A683-4FE0-8C7B-DD409F89B2C8}"
EndProject
Project("{2150E333-8FDC-42A3-9474-1A3956D46DE8}") = "Presentation", "Presentation", "{C4EC727A-CD05-4318-9933-A394A602FBA2}"
EndProject
Project("{FAE04EC0-301F-11D3-BF4B-00C04F79EFBC}") = "Application", "Application\Application.csproj", "{E854D54D-BF81-41E6-906D-97E146718294}"
EndProject
Project("{FAE04EC0-301F-11D3-BF4B-00C04F79EFBC}") = "Domain", "Domain\Domain.csproj", "{CFF54B6A-5E18-46E5-8525-90A4FCDD79EB}"
EndProject
Project("{FAE04EC0-301F-11D3-BF4B-00C04F79EFBC}") = "Persistence", "Persistence\Persistence.csproj", "{E8598777-29D7-485D-B5EA-23161D3A4A0D}"
EndProject
Project("{FAE04EC0-301F-11D3-BF4B-00C04F79EFBC}") = "Shared", "Shared\Shared.csproj", "{B05BF9B8-EC76-4E84-BA23-1D475CABB5FD}"
EndProject
Project("{FAE04EC0-301F-11D3-BF4B-00C04F79EFBC}") = "WebAPI", "WebAPI\WebAPI.csproj", "{DCDBDDFE-A11D-455E-B3D3-55546C1B74A2}"
EndProject
Global
	GlobalSection(SolutionConfigurationPlatforms) = preSolution
		Debug|Any CPU = Debug|Any CPU
		Release|Any CPU = Release|Any CPU
	EndGlobalSection
	GlobalSection(ProjectConfigurationPlatforms) = postSolution
		{E854D54D-BF81-41E6-906D-97E146718294}.Debug|Any CPU.ActiveCfg = Debug|Any CPU
		{E854D54D-BF81-41E6-906D-97E146718294}.Debug|Any CPU.Build.0 = Debug|Any CPU
		{E854D54D-BF81-41E6-906D-97E146718294}.Release|Any CPU.ActiveCfg = Release|Any CPU
		{E854D54D-BF81-41E6-906D-97E146718294}.Release|Any CPU.Build.0 = Release|Any CPU
		{CFF54B6A-5E18-46E5-8525-90A4FCDD79EB}.Debug|Any CPU.ActiveCfg = Debug|Any CPU
		{CFF54B6A-5E18-46E5-8525-90A4FCDD79EB}.Debug|Any CPU.Build.0 = Debug|Any CPU
		{CFF54B6A-5E18-46E5-8525-90A4FCDD79EB}.Release|Any CPU.ActiveCfg = Release|Any CPU
		{CFF54B6A-5E18-46E5-8525-90A4FCDD79EB}.Release|Any CPU.Build.0 = Release|Any CPU
		{E8598777-29D7-485D-B5EA-23161D3A4A0D}.Debug|Any CPU.ActiveCfg = Debug|Any CPU
		{E8598777-29D7-485D-B5EA-23161D3A4A0D}.Debug|Any CPU.Build.0 = Debug|Any CPU
		{E8598777-29D7-485D-B5EA-23161D3A4A0D}.Release|Any CPU.ActiveCfg = Release|Any CPU
		{E8598777-29D7-485D-B5EA-23161D3A4A0D}.Release|Any CPU.Build.0 = Release|Any CPU
		{B05BF9B8-EC76-4E84-BA23-1D475CABB5FD}.Debug|Any CPU.ActiveCfg = Debug|Any CPU
		{B05BF9B8-EC76-4E84-BA23-1D475CABB5FD}.Debug|Any CPU.Build.0 = Debug|Any CPU
		{B05BF9B8-EC76-4E84-BA23-1D475CABB5FD}.Release|Any CPU.ActiveCfg = Release|Any CPU
		{B05BF9B8-EC76-4E84-BA23-1D475CABB5FD}.Release|Any CPU.Build.0 = Release|Any CPU
		{DCDBDDFE-A11D-455E-B3D3-55546C1B74A2}.Debug|Any CPU.ActiveCfg = Debug|Any CPU
		{DCDBDDFE-A11D-455E-B3D3-55546C1B74A2}.Debug|Any CPU.Build.0 = Debug|Any CPU
		{DCDBDDFE-A11D-455E-B3D3-55546C1B74A2}.Release|Any CPU.ActiveCfg = Release|Any CPU
		{DCDBDDFE-A11D-455E-B3D3-55546C1B74A2}.Release|Any CPU.Build.0 = Release|Any CPU
	EndGlobalSection
	GlobalSection(SolutionProperties) = preSolution
		HideSolutionNode = FALSE
	EndGlobalSection
	GlobalSection(NestedProjects) = preSolution
		{DA192541-9573-474C-90AD-17F8F0531BD9} = {9F646FF7-A424-4DF5-81AA-7D4C1D2062E7}
		{8D85B5A2-A683-4FE0-8C7B-DD409F89B2C8} = {9F646FF7-A424-4DF5-81AA-7D4C1D2062E7}
		{C4EC727A-CD05-4318-9933-A394A602FBA2} = {9F646FF7-A424-4DF5-81AA-7D4C1D2062E7}
		{E854D54D-BF81-41E6-906D-97E146718294} = {DA192541-9573-474C-90AD-17F8F0531BD9}
		{CFF54B6A-5E18-46E5-8525-90A4FCDD79EB} = {DA192541-9573-474C-90AD-17F8F0531BD9}
		{E8598777-29D7-485D-B5EA-23161D3A4A0D} = {8D85B5A2-A683-4FE0-8C7B-DD409F89B2C8}
		{B05BF9B8-EC76-4E84-BA23-1D475CABB5FD} = {8D85B5A2-A683-4FE0-8C7B-DD409F89B2C8}
		{DCDBDDFE-A11D-455E-B3D3-55546C1B74A2} = {C4EC727A-CD05-4318-9933-A394A602FBA2}
	EndGlobalSection
	GlobalSection(ExtensibilityGlobals) = postSolution
		SolutionGuid = {6035A47A-BCCE-46CC-BF47-D426E23127AB}
	EndGlobalSection
EndGlobal
